<Solution>
  <Folder Name="/Application/">
    <Project Path="Application/Application.csproj" />
  </Folder>
  <Folder Name="/Core/">
    <Project Path="Entities/Entities.csproj" />
    <Project Path="Interfaces/Interfaces.csproj" />
  </Folder>
  <Folder Name="/Infrastructure/">
    <Project Path="Data/Data.csproj" />
  </Folder>
  <Project Path="History/History.csproj" />
</Solution>
